
Microsoft Visual Studio Solution File, Format Version 12.00
# Visual Studio Version 17
VisualStudioVersion = 17.9.34723.18
MinimumVisualStudioVersion = 10.0.40219.1
Project("{9A19103F-16F7-4668-BE54-9A1E7A4F7556}") = "SDKDotNetCore.ConsoleApp", "SDKDotNetCore.ConsoleApp\SDKDotNetCore.ConsoleApp.csproj", "{F3C27013-FC07-4EA7-AB8F-228C8ACAFFC1}"
EndProject
Project("{2150E333-8FDC-42A3-9474-1A3956D46DE8}") = "Documents", "Documents", "{17EC58FE-A87D-4EB2-935E-220FE0E1226A}"
	ProjectSection(SolutionItems) = preProject
		README.md = README.md
		SDKDotNetDBScripts.sql = SDKDotNetDBScripts.sql
	EndProjectSection
EndProject
Project("{9A19103F-16F7-4668-BE54-9A1E7A4F7556}") = "SDKDotNetCore.RestApi", "SDKDotNetCore.RestApi\SDKDotNetCore.RestApi.csproj", "{03D2CF7C-2680-4D26-888F-F2965345AE8D}"
EndProject
Project("{9A19103F-16F7-4668-BE54-9A1E7A4F7556}") = "SDKDotNetCore.Shared", "SDKDotNetCore.Shared\SDKDotNetCore.Shared.csproj", "{83917981-5194-4D1E-ABEA-1018CFA5555B}"
EndProject
Project("{9A19103F-16F7-4668-BE54-9A1E7A4F7556}") = "SDKDotNetCore.RestApiWithNLayer", "SDKDotNetCore.RestApiWithNLayer\SDKDotNetCore.RestApiWithNLayer.csproj", "{8E63822A-3F29-4033-96FA-0C3D23CA4ED1}"
EndProject
Project("{9A19103F-16F7-4668-BE54-9A1E7A4F7556}") = "SDKDotNetCore.ConsoleAppHttpClient", "SDKDotNetCore.ConsoleAppHttpClient\SDKDotNetCore.ConsoleAppHttpClient.csproj", "{EB0AB7F3-FD14-420C-B6A3-8AE3D0638580}"
EndProject
Project("{9A19103F-16F7-4668-BE54-9A1E7A4F7556}") = "SDKDotNetCore.HttpClientExamples", "SDKDotNetCore.HttpClientExamples\SDKDotNetCore.HttpClientExamples.csproj", "{38FE3968-1821-4E6E-BA63-877DE1AB5719}"
EndProject
Project("{9A19103F-16F7-4668-BE54-9A1E7A4F7556}") = "SDKDotNetCore.ConsoleAppRestClientExamples", "SDKDotNetCore.ConsoleAppRestClientExamples\SDKDotNetCore.ConsoleAppRestClientExamples.csproj", "{1FEFD422-AE45-4550-A2D9-B81231B640CD}"
EndProject
Project("{9A19103F-16F7-4668-BE54-9A1E7A4F7556}") = "SDKDotNetCore.PizzaApi", "SDKDotNetCore.PizzaApi\SDKDotNetCore.PizzaApi.csproj", "{1EDCAC4B-9796-42A6-A7AA-8622FDC7CBCD}"
EndProject
Project("{9A19103F-16F7-4668-BE54-9A1E7A4F7556}") = "SDKDotNetCore.ConsoleAppRefitExample", "SDKDotNetCore.ConsoleAppRefitExample\SDKDotNetCore.ConsoleAppRefitExample.csproj", "{A3733C50-42A0-4C5B-9FD7-0509386778CB}"
EndProject
Project("{9A19103F-16F7-4668-BE54-9A1E7A4F7556}") = "SDKDotNetCore.WinFormsApp1", "SDKDotNetCore.WinFormsApp1\SDKDotNetCore.WinFormsApp1.csproj", "{94C02365-CB94-4AE6-BC47-CE692FD0A777}"
EndProject
Project("{9A19103F-16F7-4668-BE54-9A1E7A4F7556}") = "SDKDotNetCoreWinFormsAppSqlInjection", "SDKDotNetCoreWinFormsAppSqlInjection\SDKDotNetCoreWinFormsAppSqlInjection.csproj", "{CCB563C4-1F8F-4F31-B9F3-15313817E4ED}"
EndProject
Project("{9A19103F-16F7-4668-BE54-9A1E7A4F7556}") = "SDKDotNetCoreNLayer.UI", "SDKDotNetCoreNLayer.UI\SDKDotNetCoreNLayer.UI.csproj", "{C46B9BD0-ED9B-4A63-82B2-F676A794C8B2}"
EndProject
Project("{9A19103F-16F7-4668-BE54-9A1E7A4F7556}") = "SDKDotNetCoreNLayer.BusinessLogic", "SDKDotNetCoreNLayer.BusinessLogic\SDKDotNetCoreNLayer.BusinessLogic.csproj", "{6F7CC2BA-29B7-43AA-A49A-4375F9470EFB}"
EndProject
Project("{9A19103F-16F7-4668-BE54-9A1E7A4F7556}") = "SDKDotNetCoreNLayer.DataAccess", "SDKDotNetCoreNLayer.DataAccess\SDKDotNetCoreNLayer.DataAccess.csproj", "{1C3155D1-A54B-4517-80FE-CEB4D60C464C}"
EndProject
Project("{9A19103F-16F7-4668-BE54-9A1E7A4F7556}") = "SDKDotNetCore.MinimalApi", "SDKDotNetCore.MinimalApi\SDKDotNetCore.MinimalApi.csproj", "{3A4E2604-E121-4131-94D2-A58FCD08E9DC}"
EndProject
Project("{9A19103F-16F7-4668-BE54-9A1E7A4F7556}") = "SDKDotNetCore.MvcApp", "SDKDotNetCore.MvcApp\SDKDotNetCore.MvcApp.csproj", "{21EA37EB-71CE-4858-8DEA-730582B3B04B}"
EndProject
Project("{9A19103F-16F7-4668-BE54-9A1E7A4F7556}") = "SDKDotNetCore.MvcApp2", "SDKDotNetCore.MvcApp2\SDKDotNetCore.MvcApp2.csproj", "{908D735E-A567-4692-8C25-F13A059FDC5B}"
EndProject
Project("{9A19103F-16F7-4668-BE54-9A1E7A4F7556}") = "SDKDotNetCore.MvcChartApp", "SDKDotNetCore.MvcChartApp\SDKDotNetCore.MvcChartApp.csproj", "{CE9F6C90-284D-4A0D-B4D7-8C4C4BC1B56B}"
EndProject
Project("{9A19103F-16F7-4668-BE54-9A1E7A4F7556}") = "SDKDotNetCore.ConsoleAppLogging", "SDKDotNetCore.ConsoleAppLogging\SDKDotNetCore.ConsoleAppLogging.csproj", "{AD6DB2E3-F353-44F1-931C-DF19A9FF6257}"
EndProject
Project("{FAE04EC0-301F-11D3-BF4B-00C04F79EFBC}") = "SDKDotNetCore.RealTimeChartApp", "SDKDotNetCore.RealTimeChartApp\SDKDotNetCore.RealTimeChartApp.csproj", "{4C0FBC57-70CB-4A7D-914B-5BB18552DE24}"
EndProject
Global
	GlobalSection(SolutionConfigurationPlatforms) = preSolution
		Debug|Any CPU = Debug|Any CPU
		Release|Any CPU = Release|Any CPU
	EndGlobalSection
	GlobalSection(ProjectConfigurationPlatforms) = postSolution
		{F3C27013-FC07-4EA7-AB8F-228C8ACAFFC1}.Debug|Any CPU.ActiveCfg = Debug|Any CPU
		{F3C27013-FC07-4EA7-AB8F-228C8ACAFFC1}.Debug|Any CPU.Build.0 = Debug|Any CPU
		{F3C27013-FC07-4EA7-AB8F-228C8ACAFFC1}.Release|Any CPU.ActiveCfg = Release|Any CPU
		{F3C27013-FC07-4EA7-AB8F-228C8ACAFFC1}.Release|Any CPU.Build.0 = Release|Any CPU
		{03D2CF7C-2680-4D26-888F-F2965345AE8D}.Debug|Any CPU.ActiveCfg = Debug|Any CPU
		{03D2CF7C-2680-4D26-888F-F2965345AE8D}.Debug|Any CPU.Build.0 = Debug|Any CPU
		{03D2CF7C-2680-4D26-888F-F2965345AE8D}.Release|Any CPU.ActiveCfg = Release|Any CPU
		{03D2CF7C-2680-4D26-888F-F2965345AE8D}.Release|Any CPU.Build.0 = Release|Any CPU
		{83917981-5194-4D1E-ABEA-1018CFA5555B}.Debug|Any CPU.ActiveCfg = Debug|Any CPU
		{83917981-5194-4D1E-ABEA-1018CFA5555B}.Debug|Any CPU.Build.0 = Debug|Any CPU
		{83917981-5194-4D1E-ABEA-1018CFA5555B}.Release|Any CPU.ActiveCfg = Release|Any CPU
		{83917981-5194-4D1E-ABEA-1018CFA5555B}.Release|Any CPU.Build.0 = Release|Any CPU
		{8E63822A-3F29-4033-96FA-0C3D23CA4ED1}.Debug|Any CPU.ActiveCfg = Debug|Any CPU
		{8E63822A-3F29-4033-96FA-0C3D23CA4ED1}.Debug|Any CPU.Build.0 = Debug|Any CPU
		{8E63822A-3F29-4033-96FA-0C3D23CA4ED1}.Release|Any CPU.ActiveCfg = Release|Any CPU
		{8E63822A-3F29-4033-96FA-0C3D23CA4ED1}.Release|Any CPU.Build.0 = Release|Any CPU
		{EB0AB7F3-FD14-420C-B6A3-8AE3D0638580}.Debug|Any CPU.ActiveCfg = Debug|Any CPU
		{EB0AB7F3-FD14-420C-B6A3-8AE3D0638580}.Debug|Any CPU.Build.0 = Debug|Any CPU
		{EB0AB7F3-FD14-420C-B6A3-8AE3D0638580}.Release|Any CPU.ActiveCfg = Release|Any CPU
		{EB0AB7F3-FD14-420C-B6A3-8AE3D0638580}.Release|Any CPU.Build.0 = Release|Any CPU
		{38FE3968-1821-4E6E-BA63-877DE1AB5719}.Debug|Any CPU.ActiveCfg = Debug|Any CPU
		{38FE3968-1821-4E6E-BA63-877DE1AB5719}.Debug|Any CPU.Build.0 = Debug|Any CPU
		{38FE3968-1821-4E6E-BA63-877DE1AB5719}.Release|Any CPU.ActiveCfg = Release|Any CPU
		{38FE3968-1821-4E6E-BA63-877DE1AB5719}.Release|Any CPU.Build.0 = Release|Any CPU
		{1FEFD422-AE45-4550-A2D9-B81231B640CD}.Debug|Any CPU.ActiveCfg = Debug|Any CPU
		{1FEFD422-AE45-4550-A2D9-B81231B640CD}.Debug|Any CPU.Build.0 = Debug|Any CPU
		{1FEFD422-AE45-4550-A2D9-B81231B640CD}.Release|Any CPU.ActiveCfg = Release|Any CPU
		{1FEFD422-AE45-4550-A2D9-B81231B640CD}.Release|Any CPU.Build.0 = Release|Any CPU
		{1EDCAC4B-9796-42A6-A7AA-8622FDC7CBCD}.Debug|Any CPU.ActiveCfg = Debug|Any CPU
		{1EDCAC4B-9796-42A6-A7AA-8622FDC7CBCD}.Debug|Any CPU.Build.0 = Debug|Any CPU
		{1EDCAC4B-9796-42A6-A7AA-8622FDC7CBCD}.Release|Any CPU.ActiveCfg = Release|Any CPU
		{1EDCAC4B-9796-42A6-A7AA-8622FDC7CBCD}.Release|Any CPU.Build.0 = Release|Any CPU
		{A3733C50-42A0-4C5B-9FD7-0509386778CB}.Debug|Any CPU.ActiveCfg = Debug|Any CPU
		{A3733C50-42A0-4C5B-9FD7-0509386778CB}.Debug|Any CPU.Build.0 = Debug|Any CPU
		{A3733C50-42A0-4C5B-9FD7-0509386778CB}.Release|Any CPU.ActiveCfg = Release|Any CPU
		{A3733C50-42A0-4C5B-9FD7-0509386778CB}.Release|Any CPU.Build.0 = Release|Any CPU
		{94C02365-CB94-4AE6-BC47-CE692FD0A777}.Debug|Any CPU.ActiveCfg = Debug|Any CPU
		{94C02365-CB94-4AE6-BC47-CE692FD0A777}.Debug|Any CPU.Build.0 = Debug|Any CPU
		{94C02365-CB94-4AE6-BC47-CE692FD0A777}.Release|Any CPU.ActiveCfg = Release|Any CPU
		{94C02365-CB94-4AE6-BC47-CE692FD0A777}.Release|Any CPU.Build.0 = Release|Any CPU
		{CCB563C4-1F8F-4F31-B9F3-15313817E4ED}.Debug|Any CPU.ActiveCfg = Debug|Any CPU
		{CCB563C4-1F8F-4F31-B9F3-15313817E4ED}.Debug|Any CPU.Build.0 = Debug|Any CPU
		{CCB563C4-1F8F-4F31-B9F3-15313817E4ED}.Release|Any CPU.ActiveCfg = Release|Any CPU
		{CCB563C4-1F8F-4F31-B9F3-15313817E4ED}.Release|Any CPU.Build.0 = Release|Any CPU
		{C46B9BD0-ED9B-4A63-82B2-F676A794C8B2}.Debug|Any CPU.ActiveCfg = Debug|Any CPU
		{C46B9BD0-ED9B-4A63-82B2-F676A794C8B2}.Debug|Any CPU.Build.0 = Debug|Any CPU
		{C46B9BD0-ED9B-4A63-82B2-F676A794C8B2}.Release|Any CPU.ActiveCfg = Release|Any CPU
		{C46B9BD0-ED9B-4A63-82B2-F676A794C8B2}.Release|Any CPU.Build.0 = Release|Any CPU
		{6F7CC2BA-29B7-43AA-A49A-4375F9470EFB}.Debug|Any CPU.ActiveCfg = Debug|Any CPU
		{6F7CC2BA-29B7-43AA-A49A-4375F9470EFB}.Debug|Any CPU.Build.0 = Debug|Any CPU
		{6F7CC2BA-29B7-43AA-A49A-4375F9470EFB}.Release|Any CPU.ActiveCfg = Release|Any CPU
		{6F7CC2BA-29B7-43AA-A49A-4375F9470EFB}.Release|Any CPU.Build.0 = Release|Any CPU
		{1C3155D1-A54B-4517-80FE-CEB4D60C464C}.Debug|Any CPU.ActiveCfg = Debug|Any CPU
		{1C3155D1-A54B-4517-80FE-CEB4D60C464C}.Debug|Any CPU.Build.0 = Debug|Any CPU
		{1C3155D1-A54B-4517-80FE-CEB4D60C464C}.Release|Any CPU.ActiveCfg = Release|Any CPU
		{1C3155D1-A54B-4517-80FE-CEB4D60C464C}.Release|Any CPU.Build.0 = Release|Any CPU
		{3A4E2604-E121-4131-94D2-A58FCD08E9DC}.Debug|Any CPU.ActiveCfg = Debug|Any CPU
		{3A4E2604-E121-4131-94D2-A58FCD08E9DC}.Debug|Any CPU.Build.0 = Debug|Any CPU
		{3A4E2604-E121-4131-94D2-A58FCD08E9DC}.Release|Any CPU.ActiveCfg = Release|Any CPU
		{3A4E2604-E121-4131-94D2-A58FCD08E9DC}.Release|Any CPU.Build.0 = Release|Any CPU
		{21EA37EB-71CE-4858-8DEA-730582B3B04B}.Debug|Any CPU.ActiveCfg = Debug|Any CPU
		{21EA37EB-71CE-4858-8DEA-730582B3B04B}.Debug|Any CPU.Build.0 = Debug|Any CPU
		{21EA37EB-71CE-4858-8DEA-730582B3B04B}.Release|Any CPU.ActiveCfg = Release|Any CPU
		{21EA37EB-71CE-4858-8DEA-730582B3B04B}.Release|Any CPU.Build.0 = Release|Any CPU
		{908D735E-A567-4692-8C25-F13A059FDC5B}.Debug|Any CPU.ActiveCfg = Debug|Any CPU
		{908D735E-A567-4692-8C25-F13A059FDC5B}.Debug|Any CPU.Build.0 = Debug|Any CPU
		{908D735E-A567-4692-8C25-F13A059FDC5B}.Release|Any CPU.ActiveCfg = Release|Any CPU
		{908D735E-A567-4692-8C25-F13A059FDC5B}.Release|Any CPU.Build.0 = Release|Any CPU
		{CE9F6C90-284D-4A0D-B4D7-8C4C4BC1B56B}.Debug|Any CPU.ActiveCfg = Debug|Any CPU
		{CE9F6C90-284D-4A0D-B4D7-8C4C4BC1B56B}.Debug|Any CPU.Build.0 = Debug|Any CPU
		{CE9F6C90-284D-4A0D-B4D7-8C4C4BC1B56B}.Release|Any CPU.ActiveCfg = Release|Any CPU
		{CE9F6C90-284D-4A0D-B4D7-8C4C4BC1B56B}.Release|Any CPU.Build.0 = Release|Any CPU
		{AD6DB2E3-F353-44F1-931C-DF19A9FF6257}.Debug|Any CPU.ActiveCfg = Debug|Any CPU
		{AD6DB2E3-F353-44F1-931C-DF19A9FF6257}.Debug|Any CPU.Build.0 = Debug|Any CPU
		{AD6DB2E3-F353-44F1-931C-DF19A9FF6257}.Release|Any CPU.ActiveCfg = Release|Any CPU
		{AD6DB2E3-F353-44F1-931C-DF19A9FF6257}.Release|Any CPU.Build.0 = Release|Any CPU
		{4C0FBC57-70CB-4A7D-914B-5BB18552DE24}.Debug|Any CPU.ActiveCfg = Debug|Any CPU
		{4C0FBC57-70CB-4A7D-914B-5BB18552DE24}.Debug|Any CPU.Build.0 = Debug|Any CPU
		{4C0FBC57-70CB-4A7D-914B-5BB18552DE24}.Release|Any CPU.ActiveCfg = Release|Any CPU
		{4C0FBC57-70CB-4A7D-914B-5BB18552DE24}.Release|Any CPU.Build.0 = Release|Any CPU
	EndGlobalSection
	GlobalSection(SolutionProperties) = preSolution
		HideSolutionNode = FALSE
	EndGlobalSection
	GlobalSection(ExtensibilityGlobals) = postSolution
		SolutionGuid = {B28F797A-4888-41B0-9DA1-181C7E070A73}
	EndGlobalSection
EndGlobal
