
Microsoft Visual Studio Solution File, Format Version 12.00
# Visual Studio Version 17
VisualStudioVersion = 17.9.34723.18
MinimumVisualStudioVersion = 10.0.40219.1
Project("{9A19103F-16F7-4668-BE54-9A1E7A4F7556}") = "SDKDotNetCore.ConsoleApp", "SDKDotNetCore.ConsoleApp\SDKDotNetCore.ConsoleApp.csproj", "{F3C27013-FC07-4EA7-AB8F-228C8ACAFFC1}"
EndProject
Project("{2150E333-8FDC-42A3-9474-1A3956D46DE8}") = "Documents", "Documents", "{17EC58FE-A87D-4EB2-935E-220FE0E1226A}"
	ProjectSection(SolutionItems) = preProject
		README.md = README.md
		SDKDotNetDBScripts.sql = SDKDotNetDBScripts.sql
	EndProjectSection
EndProject
Project("{9A19103F-16F7-4668-BE54-9A1E7A4F7556}") = "SDKDotNetCore.RestApi", "SDKDotNetCore.RestApi\SDKDotNetCore.RestApi.csproj", "{03D2CF7C-2680-4D26-888F-F2965345AE8D}"
EndProject
Project("{9A19103F-16F7-4668-BE54-9A1E7A4F7556}") = "SDKDotNetCore.Shared", "SDKDotNetCore.Shared\SDKDotNetCore.Shared.csproj", "{83917981-5194-4D1E-ABEA-1018CFA5555B}"
EndProject
Project("{9A19103F-16F7-4668-BE54-9A1E7A4F7556}") = "SDKDotNetCore.RestApiWithNLayer", "SDKDotNetCore.RestApiWithNLayer\SDKDotNetCore.RestApiWithNLayer.csproj", "{8E63822A-3F29-4033-96FA-0C3D23CA4ED1}"
EndProject
Project("{9A19103F-16F7-4668-BE54-9A1E7A4F7556}") = "SDKDotNetCore.ConsoleAppHttpClient", "SDKDotNetCore.ConsoleAppHttpClient\SDKDotNetCore.ConsoleAppHttpClient.csproj", "{EB0AB7F3-FD14-420C-B6A3-8AE3D0638580}"
EndProject
Project("{9A19103F-16F7-4668-BE54-9A1E7A4F7556}") = "SDKDotNetCore.HttpClientExamples", "SDKDotNetCore.HttpClientExamples\SDKDotNetCore.HttpClientExamples.csproj", "{38FE3968-1821-4E6E-BA63-877DE1AB5719}"
EndProject
Project("{FAE04EC0-301F-11D3-BF4B-00C04F79EFBC}") = "SDKDotNetCore.ConsoleAppRestClientExamples", "SDKDotNetCore.ConsoleAppRestClientExamples\SDKDotNetCore.ConsoleAppRestClientExamples.csproj", "{1FEFD422-AE45-4550-A2D9-B81231B640CD}"
EndProject
Global
	GlobalSection(SolutionConfigurationPlatforms) = preSolution
		Debug|Any CPU = Debug|Any CPU
		Release|Any CPU = Release|Any CPU
	EndGlobalSection
	GlobalSection(ProjectConfigurationPlatforms) = postSolution
		{F3C27013-FC07-4EA7-AB8F-228C8ACAFFC1}.Debug|Any CPU.ActiveCfg = Debug|Any CPU
		{F3C27013-FC07-4EA7-AB8F-228C8ACAFFC1}.Debug|Any CPU.Build.0 = Debug|Any CPU
		{F3C27013-FC07-4EA7-AB8F-228C8ACAFFC1}.Release|Any CPU.ActiveCfg = Release|Any CPU
		{F3C27013-FC07-4EA7-AB8F-228C8ACAFFC1}.Release|Any CPU.Build.0 = Release|Any CPU
		{03D2CF7C-2680-4D26-888F-F2965345AE8D}.Debug|Any CPU.ActiveCfg = Debug|Any CPU
		{03D2CF7C-2680-4D26-888F-F2965345AE8D}.Debug|Any CPU.Build.0 = Debug|Any CPU
		{03D2CF7C-2680-4D26-888F-F2965345AE8D}.Release|Any CPU.ActiveCfg = Release|Any CPU
		{03D2CF7C-2680-4D26-888F-F2965345AE8D}.Release|Any CPU.Build.0 = Release|Any CPU
		{83917981-5194-4D1E-ABEA-1018CFA5555B}.Debug|Any CPU.ActiveCfg = Debug|Any CPU
		{83917981-5194-4D1E-ABEA-1018CFA5555B}.Debug|Any CPU.Build.0 = Debug|Any CPU
		{83917981-5194-4D1E-ABEA-1018CFA5555B}.Release|Any CPU.ActiveCfg = Release|Any CPU
		{83917981-5194-4D1E-ABEA-1018CFA5555B}.Release|Any CPU.Build.0 = Release|Any CPU
		{8E63822A-3F29-4033-96FA-0C3D23CA4ED1}.Debug|Any CPU.ActiveCfg = Debug|Any CPU
		{8E63822A-3F29-4033-96FA-0C3D23CA4ED1}.Debug|Any CPU.Build.0 = Debug|Any CPU
		{8E63822A-3F29-4033-96FA-0C3D23CA4ED1}.Release|Any CPU.ActiveCfg = Release|Any CPU
		{8E63822A-3F29-4033-96FA-0C3D23CA4ED1}.Release|Any CPU.Build.0 = Release|Any CPU
		{EB0AB7F3-FD14-420C-B6A3-8AE3D0638580}.Debug|Any CPU.ActiveCfg = Debug|Any CPU
		{EB0AB7F3-FD14-420C-B6A3-8AE3D0638580}.Debug|Any CPU.Build.0 = Debug|Any CPU
		{EB0AB7F3-FD14-420C-B6A3-8AE3D0638580}.Release|Any CPU.ActiveCfg = Release|Any CPU
		{EB0AB7F3-FD14-420C-B6A3-8AE3D0638580}.Release|Any CPU.Build.0 = Release|Any CPU
		{38FE3968-1821-4E6E-BA63-877DE1AB5719}.Debug|Any CPU.ActiveCfg = Debug|Any CPU
		{38FE3968-1821-4E6E-BA63-877DE1AB5719}.Debug|Any CPU.Build.0 = Debug|Any CPU
		{38FE3968-1821-4E6E-BA63-877DE1AB5719}.Release|Any CPU.ActiveCfg = Release|Any CPU
		{38FE3968-1821-4E6E-BA63-877DE1AB5719}.Release|Any CPU.Build.0 = Release|Any CPU
		{1FEFD422-AE45-4550-A2D9-B81231B640CD}.Debug|Any CPU.ActiveCfg = Debug|Any CPU
		{1FEFD422-AE45-4550-A2D9-B81231B640CD}.Debug|Any CPU.Build.0 = Debug|Any CPU
		{1FEFD422-AE45-4550-A2D9-B81231B640CD}.Release|Any CPU.ActiveCfg = Release|Any CPU
		{1FEFD422-AE45-4550-A2D9-B81231B640CD}.Release|Any CPU.Build.0 = Release|Any CPU
	EndGlobalSection
	GlobalSection(SolutionProperties) = preSolution
		HideSolutionNode = FALSE
	EndGlobalSection
	GlobalSection(ExtensibilityGlobals) = postSolution
		SolutionGuid = {B28F797A-4888-41B0-9DA1-181C7E070A73}
	EndGlobalSection
EndGlobal
